
Microsoft Visual Studio Solution File, Format Version 12.00
# Visual Studio Version 17
VisualStudioVersion = 17.5.002.0
MinimumVisualStudioVersion = 10.0.40219.1
Project("{9A19103F-16F7-4668-BE54-9A1E7A4F7556}") = "Days", "Days\Days.csproj", "{02DA7521-A451-4605-BCEA-D52DE9B31384}"
EndProject
Project("{FAE04EC0-301F-11D3-BF4B-00C04F79EFBC}") = "TestBenchmark", "TestBenchmark\TestBenchmark.csproj", "{102C7DC4-24C0-4487-8149-9EDAC7465A7C}"
EndProject
Global
	GlobalSection(SolutionConfigurationPlatforms) = preSolution
		Debug|Any CPU = Debug|Any CPU
		Release|Any CPU = Release|Any CPU
	EndGlobalSection
	GlobalSection(ProjectConfigurationPlatforms) = postSolution
		{02DA7521-A451-4605-BCEA-D52DE9B31384}.Debug|Any CPU.ActiveCfg = Debug|Any CPU
		{02DA7521-A451-4605-BCEA-D52DE9B31384}.Debug|Any CPU.Build.0 = Debug|Any CPU
		{02DA7521-A451-4605-BCEA-D52DE9B31384}.Release|Any CPU.ActiveCfg = Release|Any CPU
		{02DA7521-A451-4605-BCEA-D52DE9B31384}.Release|Any CPU.Build.0 = Release|Any CPU
		{102C7DC4-24C0-4487-8149-9EDAC7465A7C}.Debug|Any CPU.ActiveCfg = Debug|Any CPU
		{102C7DC4-24C0-4487-8149-9EDAC7465A7C}.Debug|Any CPU.Build.0 = Debug|Any CPU
		{102C7DC4-24C0-4487-8149-9EDAC7465A7C}.Release|Any CPU.ActiveCfg = Release|Any CPU
		{102C7DC4-24C0-4487-8149-9EDAC7465A7C}.Release|Any CPU.Build.0 = Release|Any CPU
	EndGlobalSection
	GlobalSection(SolutionProperties) = preSolution
		HideSolutionNode = FALSE
	EndGlobalSection
	GlobalSection(ExtensibilityGlobals) = postSolution
		SolutionGuid = {B48800C0-4214-42DD-9EA1-597407A8645F}
	EndGlobalSection
EndGlobal
